Microsoft Visual Studio Solution File, Format Version 12.00
# Visual Studio 14
VisualStudioVersion = 14.0.25420.1
MinimumVisualStudioVersion = 10.0.40219.1
Project("{FAE04EC0-301F-11D3-BF4B-00C04F79EFBC}") = "LinzGeoQuiz", "LinzGeoQuiz\LinzGeoQuiz.csproj", "{5204A508-FBAA-47A3-B676-61B33100A7EC}"
EndProject
Project("{FAE04EC0-301F-11D3-BF4B-00C04F79EFBC}") = "LinzGeoQuiz.iOS", "iOS\LinzGeoQuiz.iOS.csproj", "{B6EAA758-8BA2-4CBF-B2D0-13AB0C431438}"
EndProject
Project("{FAE04EC0-301F-11D3-BF4B-00C04F79EFBC}") = "LinzGeoQuiz.Droid", "Droid\LinzGeoQuiz.Droid.csproj", "{5418561D-EC5C-466D-867E-5117D15CFCB8}"
EndProject
Project("{FAE04EC0-301F-11D3-BF4B-00C04F79EFBC}") = "Logic", "Logic\Logic.csproj", "{9CC123F4-C776-4D4B-8F90-E95B12D16E29}"
EndProject
Project("{FAE04EC0-301F-11D3-BF4B-00C04F79EFBC}") = "Scripts", "Scripts\Scripts.csproj", "{FF12E4BD-87F3-49EB-99DD-CE60996CBFE9}"
EndProject
Global
	GlobalSection(SolutionConfigurationPlatforms) = preSolution
		Debug|Any CPU = Debug|Any CPU
		Debug|iPhone = Debug|iPhone
		Debug|iPhoneSimulator = Debug|iPhoneSimulator
		Release|Any CPU = Release|Any CPU
		Release|iPhone = Release|iPhone
		Release|iPhoneSimulator = Release|iPhoneSimulator
	EndGlobalSection
	GlobalSection(ProjectConfigurationPlatforms) = postSolution
		{5204A508-FBAA-47A3-B676-61B33100A7EC}.Debug|Any CPU.ActiveCfg = Debug|Any CPU
		{5204A508-FBAA-47A3-B676-61B33100A7EC}.Debug|Any CPU.Build.0 = Debug|Any CPU
		{5204A508-FBAA-47A3-B676-61B33100A7EC}.Debug|iPhone.ActiveCfg = Debug|Any CPU
		{5204A508-FBAA-47A3-B676-61B33100A7EC}.Debug|iPhone.Build.0 = Debug|Any CPU
		{5204A508-FBAA-47A3-B676-61B33100A7EC}.Debug|iPhoneSimulator.ActiveCfg = Debug|Any CPU
		{5204A508-FBAA-47A3-B676-61B33100A7EC}.Debug|iPhoneSimulator.Build.0 = Debug|Any CPU
		{5204A508-FBAA-47A3-B676-61B33100A7EC}.Release|Any CPU.ActiveCfg = Release|Any CPU
		{5204A508-FBAA-47A3-B676-61B33100A7EC}.Release|Any CPU.Build.0 = Release|Any CPU
		{5204A508-FBAA-47A3-B676-61B33100A7EC}.Release|iPhone.ActiveCfg = Release|Any CPU
		{5204A508-FBAA-47A3-B676-61B33100A7EC}.Release|iPhone.Build.0 = Release|Any CPU
		{5204A508-FBAA-47A3-B676-61B33100A7EC}.Release|iPhoneSimulator.ActiveCfg = Release|Any CPU
		{5204A508-FBAA-47A3-B676-61B33100A7EC}.Release|iPhoneSimulator.Build.0 = Release|Any CPU
		{B6EAA758-8BA2-4CBF-B2D0-13AB0C431438}.Debug|Any CPU.ActiveCfg = Debug|iPhoneSimulator
		{B6EAA758-8BA2-4CBF-B2D0-13AB0C431438}.Debug|Any CPU.Build.0 = Debug|iPhoneSimulator
		{B6EAA758-8BA2-4CBF-B2D0-13AB0C431438}.Debug|iPhone.ActiveCfg = Debug|iPhone
		{B6EAA758-8BA2-4CBF-B2D0-13AB0C431438}.Debug|iPhone.Build.0 = Debug|iPhone
		{B6EAA758-8BA2-4CBF-B2D0-13AB0C431438}.Debug|iPhoneSimulator.ActiveCfg = Debug|iPhoneSimulator
		{B6EAA758-8BA2-4CBF-B2D0-13AB0C431438}.Debug|iPhoneSimulator.Build.0 = Debug|iPhoneSimulator
		{B6EAA758-8BA2-4CBF-B2D0-13AB0C431438}.Release|Any CPU.ActiveCfg = Release|iPhone
		{B6EAA758-8BA2-4CBF-B2D0-13AB0C431438}.Release|Any CPU.Build.0 = Release|iPhone
		{B6EAA758-8BA2-4CBF-B2D0-13AB0C431438}.Release|iPhone.ActiveCfg = Release|iPhone
		{B6EAA758-8BA2-4CBF-B2D0-13AB0C431438}.Release|iPhone.Build.0 = Release|iPhone
		{B6EAA758-8BA2-4CBF-B2D0-13AB0C431438}.Release|iPhoneSimulator.ActiveCfg = Release|iPhoneSimulator
		{B6EAA758-8BA2-4CBF-B2D0-13AB0C431438}.Release|iPhoneSimulator.Build.0 = Release|iPhoneSimulator
		{5418561D-EC5C-466D-867E-5117D15CFCB8}.Debug|Any CPU.ActiveCfg = Debug|Any CPU
		{5418561D-EC5C-466D-867E-5117D15CFCB8}.Debug|Any CPU.Build.0 = Debug|Any CPU
		{5418561D-EC5C-466D-867E-5117D15CFCB8}.Debug|Any CPU.Deploy.0 = Debug|Any CPU
		{5418561D-EC5C-466D-867E-5117D15CFCB8}.Debug|iPhone.ActiveCfg = Debug|Any CPU
		{5418561D-EC5C-466D-867E-5117D15CFCB8}.Debug|iPhone.Build.0 = Debug|Any CPU
		{5418561D-EC5C-466D-867E-5117D15CFCB8}.Debug|iPhoneSimulator.ActiveCfg = Debug|Any CPU
		{5418561D-EC5C-466D-867E-5117D15CFCB8}.Debug|iPhoneSimulator.Build.0 = Debug|Any CPU
		{5418561D-EC5C-466D-867E-5117D15CFCB8}.Release|Any CPU.ActiveCfg = Release|Any CPU
		{5418561D-EC5C-466D-867E-5117D15CFCB8}.Release|Any CPU.Build.0 = Release|Any CPU
		{5418561D-EC5C-466D-867E-5117D15CFCB8}.Release|Any CPU.Deploy.0 = Release|Any CPU
		{5418561D-EC5C-466D-867E-5117D15CFCB8}.Release|iPhone.ActiveCfg = Release|Any CPU
		{5418561D-EC5C-466D-867E-5117D15CFCB8}.Release|iPhone.Build.0 = Release|Any CPU
		{5418561D-EC5C-466D-867E-5117D15CFCB8}.Release|iPhoneSimulator.ActiveCfg = Release|Any CPU
		{5418561D-EC5C-466D-867E-5117D15CFCB8}.Release|iPhoneSimulator.Build.0 = Release|Any CPU
		{9CC123F4-C776-4D4B-8F90-E95B12D16E29}.Debug|Any CPU.ActiveCfg = Debug|Any CPU
		{9CC123F4-C776-4D4B-8F90-E95B12D16E29}.Debug|Any CPU.Build.0 = Debug|Any CPU
		{9CC123F4-C776-4D4B-8F90-E95B12D16E29}.Debug|iPhone.ActiveCfg = Debug|Any CPU
		{9CC123F4-C776-4D4B-8F90-E95B12D16E29}.Debug|iPhone.Build.0 = Debug|Any CPU
		{9CC123F4-C776-4D4B-8F90-E95B12D16E29}.Debug|iPhoneSimulator.ActiveCfg = Debug|Any CPU
		{9CC123F4-C776-4D4B-8F90-E95B12D16E29}.Debug|iPhoneSimulator.Build.0 = Debug|Any CPU
		{9CC123F4-C776-4D4B-8F90-E95B12D16E29}.Release|Any CPU.ActiveCfg = Release|Any CPU
		{9CC123F4-C776-4D4B-8F90-E95B12D16E29}.Release|Any CPU.Build.0 = Release|Any CPU
		{9CC123F4-C776-4D4B-8F90-E95B12D16E29}.Release|iPhone.ActiveCfg = Release|Any CPU
		{9CC123F4-C776-4D4B-8F90-E95B12D16E29}.Release|iPhone.Build.0 = Release|Any CPU
		{9CC123F4-C776-4D4B-8F90-E95B12D16E29}.Release|iPhoneSimulator.ActiveCfg = Release|Any CPU
		{9CC123F4-C776-4D4B-8F90-E95B12D16E29}.Release|iPhoneSimulator.Build.0 = Release|Any CPU
		{FF12E4BD-87F3-49EB-99DD-CE60996CBFE9}.Debug|Any CPU.ActiveCfg = Debug|Any CPU
		{FF12E4BD-87F3-49EB-99DD-CE60996CBFE9}.Debug|Any CPU.Build.0 = Debug|Any CPU
		{FF12E4BD-87F3-49EB-99DD-CE60996CBFE9}.Debug|iPhone.ActiveCfg = Debug|Any CPU
		{FF12E4BD-87F3-49EB-99DD-CE60996CBFE9}.Debug|iPhone.Build.0 = Debug|Any CPU
		{FF12E4BD-87F3-49EB-99DD-CE60996CBFE9}.Debug|iPhoneSimulator.ActiveCfg = Debug|Any CPU
		{FF12E4BD-87F3-49EB-99DD-CE60996CBFE9}.Debug|iPhoneSimulator.Build.0 = Debug|Any CPU
		{FF12E4BD-87F3-49EB-99DD-CE60996CBFE9}.Release|Any CPU.ActiveCfg = Release|Any CPU
		{FF12E4BD-87F3-49EB-99DD-CE60996CBFE9}.Release|Any CPU.Build.0 = Release|Any CPU
		{FF12E4BD-87F3-49EB-99DD-CE60996CBFE9}.Release|iPhone.ActiveCfg = Release|Any CPU
		{FF12E4BD-87F3-49EB-99DD-CE60996CBFE9}.Release|iPhone.Build.0 = Release|Any CPU
		{FF12E4BD-87F3-49EB-99DD-CE60996CBFE9}.Release|iPhoneSimulator.ActiveCfg = Release|Any CPU
		{FF12E4BD-87F3-49EB-99DD-CE60996CBFE9}.Release|iPhoneSimulator.Build.0 = Release|Any CPU
	EndGlobalSection
	GlobalSection(SolutionProperties) = preSolution
		HideSolutionNode = FALSE
	EndGlobalSection
	GlobalSection(MonoDevelopProperties) = preSolution
		Policies = $0
		$0.DotNetNamingPolicy = $1
		$1.DirectoryNamespaceAssociation = None
		$1.ResourceNamePolicy = FileFormatDefault
	EndGlobalSection
EndGlobal
